
Microsoft Visual Studio Solution File, Format Version 12.00
# Visual Studio Version 17
VisualStudioVersion = 17.9.34701.34
MinimumVisualStudioVersion = 10.0.40219.1
Project("{FAE04EC0-301F-11D3-BF4B-00C04F79EFBC}") = "CoreWebApp", "CoreWebApp\CoreWebApp.csproj", "{8A4C820F-4BE9-402B-98FF-F4C8E4E33584}"
EndProject
Global
	GlobalSection(SolutionConfigurationPlatforms) = preSolution
		Debug|Any CPU = Debug|Any CPU
		Release|Any CPU = Release|Any CPU
	EndGlobalSection
	GlobalSection(ProjectConfigurationPlatforms) = postSolution
		{8A4C820F-4BE9-402B-98FF-F4C8E4E33584}.Debug|Any CPU.ActiveCfg = Debug|Any CPU
		{8A4C820F-4BE9-402B-98FF-F4C8E4E33584}.Debug|Any CPU.Build.0 = Debug|Any CPU
		{8A4C820F-4BE9-402B-98FF-F4C8E4E33584}.Release|Any CPU.ActiveCfg = Release|Any CPU
		{8A4C820F-4BE9-402B-98FF-F4C8E4E33584}.Release|Any CPU.Build.0 = Release|Any CPU
	EndGlobalSection
	GlobalSection(SolutionProperties) = preSolution
		HideSolutionNode = FALSE
	EndGlobalSection
	GlobalSection(ExtensibilityGlobals) = postSolution
		SolutionGuid = {12351E8A-BAB8-4B82-899B-AE0171E9089C}
	EndGlobalSection
EndGlobal
